
Microsoft Visual Studio Solution File, Format Version 12.00
Project("{FAE04EC0-301F-11D3-BF4B-00C04F79EFBC}") = "BlackJack", "BlackJack\BlackJack.csproj", "{B9B46A6D-152C-49D2-AD80-5D28235AE05C}"
EndProject
Global
	GlobalSection(SolutionConfigurationPlatforms) = preSolution
		Debug|Any CPU = Debug|Any CPU
		Release|Any CPU = Release|Any CPU
	EndGlobalSection
	GlobalSection(ProjectConfigurationPlatforms) = postSolution
		{B9B46A6D-152C-49D2-AD80-5D28235AE05C}.Debug|Any CPU.ActiveCfg = Debug|Any CPU
		{B9B46A6D-152C-49D2-AD80-5D28235AE05C}.Debug|Any CPU.Build.0 = Debug|Any CPU
		{B9B46A6D-152C-49D2-AD80-5D28235AE05C}.Release|Any CPU.ActiveCfg = Release|Any CPU
		{B9B46A6D-152C-49D2-AD80-5D28235AE05C}.Release|Any CPU.Build.0 = Release|Any CPU
	EndGlobalSection
EndGlobal
